// !$*UTF8*$!
{
	archiveVersion = 1;
	classes = {
	};
	objectVersion = 56;
	objects = {

/* Begin PBXBuildFile section */
		A4CDD4B72989FACC002A8402 /* AppDelegate.m in Sources */ = {isa = PBXBuildFile; fileRef = A4CDD4B62989FACC002A8402 /* AppDelegate.m */; };
		A4CDD4BA2989FACC002A8402 /* SceneDelegate.m in Sources */ = {isa = PBXBuildFile; fileRef = A4CDD4B92989FACC002A8402 /* SceneDelegate.m */; };
		A4CDD4BD2989FACC002A8402 /* ViewController.m in Sources */ = {isa = PBXBuildFile; fileRef = A4CDD4BC2989FACC002A8402 /* ViewController.m */; };
		A4CDD4C02989FACC002A8402 /* Main.storyboard in Resources */ = {isa = PBXBuildFile; fileRef = A4CDD4BE2989FACC002A8402 /* Main.storyboard */; };
		A4CDD4C22989FACD002A8402 /* Assets.xcassets in Resources */ = {isa = PBXBuildFile; fileRef = A4CDD4C12989FACD002A8402 /* Assets.xcassets */; };
		A4CDD4C52989FACD002A8402 /* LaunchScreen.storyboard in Resources */ = {isa = PBXBuildFile; fileRef = A4CDD4C32989FACD002A8402 /* LaunchScreen.storyboard */; };
		A4CDD4C82989FACD002A8402 /* main.m in Sources */ = {isa = PBXBuildFile; fileRef = A4CDD4C72989FACD002A8402 /* main.m */; };
		A4CDD4D02989FB04002A8402 /* Vehicle.m in Sources */ = {isa = PBXBuildFile; fileRef = A4CDD4CF2989FB04002A8402 /* Vehicle.m */; };
/* End PBXBuildFile section */

/* Begin PBXFileReference section */
		A4CDD4B22989FACC002A8402 /* Getters.app */ = {isa = PBXFileReference; explicitFileType = wrapper.application; includeInIndex = 0; path = Getters.app; sourceTree = BUILT_PRODUCTS_DIR; };
		A4CDD4B52989FACC002A8402 /* AppDelegate.h */ = {isa = PBXFileReference; lastKnownFileType = sourcecode.c.h; path = AppDelegate.h; sourceTree = "<group>"; };
		A4CDD4B62989FACC002A8402 /* AppDelegate.m */ = {isa = PBXFileReference; lastKnownFileType = sourcecode.c.objc; path = AppDelegate.m; sourceTree = "<group>"; };
		A4CDD4B82989FACC002A8402 /* SceneDelegate.h */ = {isa = PBXFileReference; lastKnownFileType = sourcecode.c.h; path = SceneDelegate.h; sourceTree = "<group>"; };
		A4CDD4B92989FACC002A8402 /* SceneDelegate.m */ = {isa = PBXFileReference; lastKnownFileType = sourcecode.c.objc; path = SceneDelegate.m; sourceTree = "<group>"; };
		A4CDD4BB2989FACC002A8402 /* ViewController.h */ = {isa = PBXFileReference; lastKnownFileType = sourcecode.c.h; path = ViewController.h; sourceTree = "<group>"; };
		A4CDD4BC2989FACC002A8402 /* ViewController.m */ = {isa = PBXFileReference; lastKnownFileType = sourcecode.c.objc; path = ViewController.m; sourceTree = "<group>"; };
		A4CDD4BF2989FACC002A8402 /* Base */ = {isa = PBXFileReference; lastKnownFileType = file.storyboard; name = Base; path = Base.lproj/Main.storyboard; sourceTree = "<group>"; };
		A4CDD4C12989FACD002A8402 /* Assets.xcassets */ = {isa = PBXFileReference; lastKnownFileType = folder.assetcatalog; path = Assets.xcassets; sourceTree = "<group>"; };
		A4CDD4C42989FACD002A8402 /* Base */ = {isa = PBXFileReference; lastKnownFileType = file.storyboard; name = Base; path = Base.lproj/LaunchScreen.storyboard; sourceTree = "<group>"; };
		A4CDD4C62989FACD002A8402 /* Info.plist */ = {isa = PBXFileReference; lastKnownFileType = text.plist.xml; path = Info.plist; sourceTree = "<group>"; };
		A4CDD4C72989FACD002A8402 /* main.m */ = {isa = PBXFileReference; lastKnownFileType = sourcecode.c.objc; path = main.m; sourceTree = "<group>"; };
		A4CDD4CE2989FB04002A8402 /* Vehicle.h */ = {isa = PBXFileReference; lastKnownFileType = sourcecode.c.h; path = Vehicle.h; sourceTree = "<group>"; };
		A4CDD4CF2989FB04002A8402 /* Vehicle.m */ = {isa = PBXFileReference; lastKnownFileType = sourcecode.c.objc; path = Vehicle.m; sourceTree = "<group>"; };
/* End PBXFileReference section */

/* Begin PBXFrameworksBuildPhase section */
		A4CDD4AF2989FACC002A8402 /* Frameworks */ = {
			isa = PBXFrameworksBuildPhase;
			buildActionMask = 2147483647;
			files = (
			);
			runOnlyForDeploymentPostprocessing = 0;
		};
/* End PBXFrameworksBuildPhase section */

/* Begin PBXGroup section */
		A4CDD4A92989FACC002A8402 = {
			isa = PBXGroup;
			children = (
				A4CDD4B42989FACC002A8402 /* Getters */,
				A4CDD4B32989FACC002A8402 /* Products */,
			);
			sourceTree = "<group>";
		};
		A4CDD4B32989FACC002A8402 /* Products */ = {
			isa = PBXGroup;
			children = (
				A4CDD4B22989FACC002A8402 /* Getters.app */,
			);
			name = Products;
			sourceTree = "<group>";
		};
		A4CDD4B42989FACC002A8402 /* Getters */ = {
			isa = PBXGroup;
			children = (
				A4CDD4CE2989FB04002A8402 /* Vehicle.h */,
				A4CDD4CF2989FB04002A8402 /* Vehicle.m */,
				A4CDD4B52989FACC002A8402 /* AppDelegate.h */,
				A4CDD4B62989FACC002A8402 /* AppDelegate.m */,
				A4CDD4B82989FACC002A8402 /* SceneDelegate.h */,
				A4CDD4B92989FACC002A8402 /* SceneDelegate.m */,
				A4CDD4BB2989FACC002A8402 /* ViewController.h */,
				A4CDD4BC2989FACC002A8402 /* ViewController.m */,
				A4CDD4BE2989FACC002A8402 /* Main.storyboard */,
				A4CDD4C12989FACD002A8402 /* Assets.xcassets */,
				A4CDD4C32989FACD002A8402 /* LaunchScreen.storyboard */,
				A4CDD4C62989FACD002A8402 /* Info.plist */,
				A4CDD4C72989FACD002A8402 /* main.m */,
			);
			path = Getters;
			sourceTree = "<group>";
		};
/* End PBXGroup section */

/* Begin PBXNativeTarget section */
		A4CDD4B12989FACC002A8402 /* Getters */ = {
			isa = PBXNativeTarget;
			buildConfigurationList = A4CDD4CB2989FACD002A8402 /* Build configuration list for PBXNativeTarget "Getters" */;
			buildPhases = (
				A4CDD4AE2989FACC002A8402 /* Sources */,
				A4CDD4AF2989FACC002A8402 /* Frameworks */,
				A4CDD4B02989FACC002A8402 /* Resources */,
			);
			buildRules = (
			);
			dependencies = (
			);
			name = Getters;
			productName = Getters;
			productReference = A4CDD4B22989FACC002A8402 /* Getters.app */;
			productType = "com.apple.product-type.application";
		};
/* End PBXNativeTarget section */

/* Begin PBXProject section */
		A4CDD4AA2989FACC002A8402 /* Project object */ = {
			isa = PBXProject;
			attributes = {
				BuildIndependentTargetsInParallel = 1;
				LastUpgradeCheck = 1400;
				TargetAttributes = {
					A4CDD4B12989FACC002A8402 = {
						CreatedOnToolsVersion = 14.0.1;
					};
				};
			};
			buildConfigurationList = A4CDD4AD2989FACC002A8402 /* Build configuration list for PBXProject "Getters" */;
			compatibilityVersion = "Xcode 14.0";
			developmentRegion = en;
			hasScannedForEncodings = 0;
			knownRegions = (
				en,
				Base,
			);
			mainGroup = A4CDD4A92989FACC002A8402;
			productRefGroup = A4CDD4B32989FACC002A8402 /* Products */;
			projectDirPath = "";
			projectRoot = "";
			targets = (
				A4CDD4B12989FACC002A8402 /* Getters */,
			);
		};
/* End PBXProject section */

/* Begin PBXResourcesBuildPhase section */
		A4CDD4B02989FACC002A8402 /* Resources */ = {
			isa = PBXResourcesBuildPhase;
			buildActionMask = 2147483647;
			files = (
				A4CDD4C52989FACD002A8402 /* LaunchScreen.storyboard in Resources */,
				A4CDD4C22989FACD002A8402 /* Assets.xcassets in Resources */,
				A4CDD4C02989FACC002A8402 /* Main.storyboard in Resources */,
			);
			runOnlyForDeploymentPostprocessing = 0;
		};
/* End PBXResourcesBuildPhase section */

/* Begin PBXSourcesBuildPhase section */
		A4CDD4AE2989FACC002A8402 /* Sources */ = {
			isa = PBXSourcesBuildPhase;
			buildActionMask = 2147483647;
			files = (
				A4CDD4BD2989FACC002A8402 /* ViewController.m in Sources */,
				A4CDD4B72989FACC002A8402 /* AppDelegate.m in Sources */,
				A4CDD4C82989FACD002A8402 /* main.m in Sources */,
				A4CDD4BA2989FACC002A8402 /* SceneDelegate.m in Sources */,
				A4CDD4D02989FB04002A8402 /* Vehicle.m in Sources */,
			);
			runOnlyForDeploymentPostprocessing = 0;
		};
/* End PBXSourcesBuildPhase section */

/* Begin PBXVariantGroup section */
		A4CDD4BE2989FACC002A8402 /* Main.storyboard */ = {
			isa = PBXVariantGroup;
			children = (
				A4CDD4BF2989FACC002A8402 /* Base */,
			);
			name = Main.storyboard;
			sourceTree = "<group>";
		};
		A4CDD4C32989FACD002A8402 /* LaunchScreen.storyboard */ = {
			isa = PBXVariantGroup;
			children = (
				A4CDD4C42989FACD002A8402 /* Base */,
			);
			name = LaunchScreen.storyboard;
			sourceTree = "<group>";
		};
/* End PBXVariantGroup section */

/* Begin XCBuildConfiguration section */
		A4CDD4C92989FACD002A8402 /* Debug */ = {
			isa = XCBuildConfiguration;
			buildSettings = {
				ALWAYS_SEARCH_USER_PATHS = NO;
				CLANG_ANALYZER_NONNULL = YES;
				CLANG_ANALYZER_NUMBER_OBJECT_CONVERSION = YES_AGGRESSIVE;
				CLANG_CXX_LANGUAGE_STANDARD = "gnu++20";
				CLANG_ENABLE_MODULES = YES;
				CLANG_ENABLE_OBJC_ARC = YES;
				CLANG_ENABLE_OBJC_WEAK = YES;
				CLANG_WARN_BLOCK_CAPTURE_AUTORELEASING = YES;
				CLANG_WARN_BOOL_CONVERSION = YES;
				CLANG_WARN_COMMA = YES;
				CLANG_WARN_CONSTANT_CONVERSION = YES;
				CLANG_WARN_DEPRECATED_OBJC_IMPLEMENTATIONS = YES;
				CLANG_WARN_DIRECT_OBJC_ISA_USAGE = YES_ERROR;
				CLANG_WARN_DOCUMENTATION_COMMENTS = YES;
				CLANG_WARN_EMPTY_BODY = YES;
				CLANG_WARN_ENUM_CONVERSION = YES;
				CLANG_WARN_INFINITE_RECURSION = YES;
				CLANG_WARN_INT_CONVERSION = YES;
				CLANG_WARN_NON_LITERAL_NULL_CONVERSION = YES;
				CLANG_WARN_OBJC_IMPLICIT_RETAIN_SELF = YES;
				CLANG_WARN_OBJC_LITERAL_CONVERSION = YES;
				CLANG_WARN_OBJC_ROOT_CLASS = YES_ERROR;
				CLANG_WARN_QUOTED_INCLUDE_IN_FRAMEWORK_HEADER = YES;
				CLANG_WARN_RANGE_LOOP_ANALYSIS = YES;
				CLANG_WARN_STRICT_PROTOTYPES = YES;
				CLANG_WARN_SUSPICIOUS_MOVE = YES;
				CLANG_WARN_UNGUARDED_AVAILABILITY = YES_AGGRESSIVE;
				CLANG_WARN_UNREACHABLE_CODE = YES;
				CLANG_WARN__DUPLICATE_METHOD_MATCH = YES;
				COPY_PHASE_STRIP = NO;
				DEBUG_INFORMATION_FORMAT = dwarf;
				ENABLE_STRICT_OBJC_MSGSEND = YES;
				ENABLE_TESTABILITY = YES;
				GCC_C_LANGUAGE_STANDARD = gnu11;
				GCC_DYNAMIC_NO_PIC = NO;
				GCC_NO_COMMON_BLOCKS = YES;
				GCC_OPTIMIZATION_LEVEL = 0;
				GCC_PREPROCESSOR_DEFINITIONS = (
					"DEBUG=1",
					"$(inherited)",
				);
				GCC_WARN_64_TO_32_BIT_CONVERSION = YES;
				GCC_WARN_ABOUT_RETURN_TYPE = YES_ERROR;
				GCC_WARN_UNDECLARED_SELECTOR = YES;
				GCC_WARN_UNINITIALIZED_AUTOS = YES_AGGRESSIVE;
				GCC_WARN_UNUSED_FUNCTION = YES;
				GCC_WARN_UNUSED_VARIABLE = YES;
				IPHONEOS_DEPLOYMENT_TARGET = 16.0;
				MTL_ENABLE_DEBUG_INFO = INCLUDE_SOURCE;
				MTL_FAST_MATH = YES;
				ONLY_ACTIVE_ARCH = YES;
				SDKROOT = iphoneos;
			};
			name = Debug;
		};
		A4CDD4CA2989FACD002A8402 /* Release */ = {
			isa = XCBuildConfiguration;
			buildSettings = {
				ALWAYS_SEARCH_USER_PATHS = NO;
				CLANG_ANALYZER_NONNULL = YES;
				CLANG_ANALYZER_NUMBER_OBJECT_CONVERSION = YES_AGGRESSIVE;
				CLANG_CXX_LANGUAGE_STANDARD = "gnu++20";
				CLANG_ENABLE_MODULES = YES;
				CLANG_ENABLE_OBJC_ARC = YES;
				CLANG_ENABLE_OBJC_WEAK = YES;
				CLANG_WARN_BLOCK_CAPTURE_AUTORELEASING = YES;
				CLANG_WARN_BOOL_CONVERSION = YES;
				CLANG_WARN_COMMA = YES;
				CLANG_WARN_CONSTANT_CONVERSION = YES;
				CLANG_WARN_DEPRECATED_OBJC_IMPLEMENTATIONS = YES;
				CLANG_WARN_DIRECT_OBJC_ISA_USAGE = YES_ERROR;
				CLANG_WARN_DOCUMENTATION_COMMENTS = YES;
				CLANG_WARN_EMPTY_BODY = YES;
				CLANG_WARN_ENUM_CONVERSION = YES;
				CLANG_WARN_INFINITE_RECURSION = YES;
				CLANG_WARN_INT_CONVERSION = YES;
				CLANG_WARN_NON_LITERAL_NULL_CONVERSION = YES;
				CLANG_WARN_OBJC_IMPLICIT_RETAIN_SELF = YES;
				CLANG_WARN_OBJC_LITERAL_CONVERSION = YES;
				CLANG_WARN_OBJC_ROOT_CLASS = YES_ERROR;
				CLANG_WARN_QUOTED_INCLUDE_IN_FRAMEWORK_HEADER = YES;
				CLANG_WARN_RANGE_LOOP_ANALYSIS = YES;
				CLANG_WARN_STRICT_PROTOTYPES = YES;
				CLANG_WARN_SUSPICIOUS_MOVE = YES;
				CLANG_WARN_UNGUARDED_AVAILABILITY = YES_AGGRESSIVE;
				CLANG_WARN_UNREACHABLE_CODE = YES;
				CLANG_WARN__DUPLICATE_METHOD_MATCH = YES;
				COPY_PHASE_STRIP = NO;
				DEBUG_INFORMATION_FORMAT = "dwarf-with-dsym";
				ENABLE_NS_ASSERTIONS = NO;
				ENABLE_STRICT_OBJC_MSGSEND = YES;
				GCC_C_LANGUAGE_STANDARD = gnu11;
				GCC_NO_COMMON_BLOCKS = YES;
				GCC_WARN_64_TO_32_BIT_CONVERSION = YES;
				GCC_WARN_ABOUT_RETURN_TYPE = YES_ERROR;
				GCC_WARN_UNDECLARED_SELECTOR = YES;
				GCC_WARN_UNINITIALIZED_AUTOS = YES_AGGRESSIVE;
				GCC_WARN_UNUSED_FUNCTION = YES;
				GCC_WARN_UNUSED_VARIABLE = YES;
				IPHONEOS_DEPLOYMENT_TARGET = 16.0;
				MTL_ENABLE_DEBUG_INFO = NO;
				MTL_FAST_MATH = YES;
				SDKROOT = iphoneos;
				VALIDATE_PRODUCT = YES;
			};
			name = Release;
		};
		A4CDD4CC2989FACD002A8402 /* Debug */ = {
			isa = XCBuildConfiguration;
			buildSettings = {
				ASSETCATALOG_COMPILER_APPICON_NAME = AppIcon;
				ASSETCATALOG_COMPILER_GLOBAL_ACCENT_COLOR_NAME = AccentColor;
				CODE_SIGN_STYLE = Automatic;
				CURRENT_PROJECT_VERSION = 1;
				DEVELOPMENT_TEAM = 5P4JJDT7CR;
				GENERATE_INFOPLIST_FILE = YES;
				INFOPLIST_FILE = Getters/Info.plist;
				INFOPLIST_KEY_UIApplicationSupportsIndirectInputEvents = YES;
				INFOPLIST_KEY_UILaunchStoryboardName = LaunchScreen;
				INFOPLIST_KEY_UIMainStoryboardFile = Main;
				INFOPLIST_KEY_UISupportedInterfaceOrientations_iPad = "UIInterfaceOrientationPortrait UIInterfaceOrientationPortraitUpsideDown UIInterfaceOrientationLandscapeLeft UIInterfaceOrientationLandscapeRight";
				INFOPLIST_KEY_UISupportedInterfaceOrientations_iPhone = "UIInterfaceOrientationPortrait UIInterfaceOrientationLandscapeLeft UIInterfaceOrientationLandscapeRight";
				LD_RUNPATH_SEARCH_PATHS = (
					"$(inherited)",
					"@executable_path/Frameworks",
				);
				MARKETING_VERSION = 1.0;
				PRODUCT_BUNDLE_IDENTIFIER = com.urielh.Getters;
				PRODUCT_NAME = "$(TARGET_NAME)";
				SWIFT_EMIT_LOC_STRINGS = YES;
				TARGETED_DEVICE_FAMILY = "1,2";
			};
			name = Debug;
		};
		A4CDD4CD2989FACD002A8402 /* Release */ = {
			isa = XCBuildConfiguration;
			buildSettings = {
				ASSETCATALOG_COMPILER_APPICON_NAME = AppIcon;
				ASSETCATALOG_COMPILER_GLOBAL_ACCENT_COLOR_NAME = AccentColor;
				CODE_SIGN_STYLE = Automatic;
				CURRENT_PROJECT_VERSION = 1;
				DEVELOPMENT_TEAM = 5P4JJDT7CR;
				GENERATE_INFOPLIST_FILE = YES;
				INFOPLIST_FILE = Getters/Info.plist;
				INFOPLIST_KEY_UIApplicationSupportsIndirectInputEvents = YES;
				INFOPLIST_KEY_UILaunchStoryboardName = LaunchScreen;
				INFOPLIST_KEY_UIMainStoryboardFile = Main;
				INFOPLIST_KEY_UISupportedInterfaceOrientations_iPad = "UIInterfaceOrientationPortrait UIInterfaceOrientationPortraitUpsideDown UIInterfaceOrientationLandscapeLeft UIInterfaceOrientationLandscapeRight";
				INFOPLIST_KEY_UISupportedInterfaceOrientations_iPhone = "UIInterfaceOrientationPortrait UIInterfaceOrientationLandscapeLeft UIInterfaceOrientationLandscapeRight";
				LD_RUNPATH_SEARCH_PATHS = (
					"$(inherited)",
					"@executable_path/Frameworks",
				);
				MARKETING_VERSION = 1.0;
				PRODUCT_BUNDLE_IDENTIFIER = com.urielh.Getters;
				PRODUCT_NAME = "$(TARGET_NAME)";
				SWIFT_EMIT_LOC_STRINGS = YES;
				TARGETED_DEVICE_FAMILY = "1,2";
			};
			name = Release;
		};
/* End XCBuildConfiguration section */

/* Begin XCConfigurationList section */
		A4CDD4AD2989FACC002A8402 /* Build configuration list for PBXProject "Getters" */ = {
			isa = XCConfigurationList;
			buildConfigurations = (
				A4CDD4C92989FACD002A8402 /* Debug */,
				A4CDD4CA2989FACD002A8402 /* Release */,
			);
			defaultConfigurationIsVisible = 0;
			defaultConfigurationName = Release;
		};
		A4CDD4CB2989FACD002A8402 /* Build configuration list for PBXNativeTarget "Getters" */ = {
			isa = XCConfigurationList;
			buildConfigurations = (
				A4CDD4CC2989FACD002A8402 /* Debug */,
				A4CDD4CD2989FACD002A8402 /* Release */,
			);
			defaultConfigurationIsVisible = 0;
			defaultConfigurationName = Release;
		};
/* End XCConfigurationList section */
	};
	rootObject = A4CDD4AA2989FACC002A8402 /* Project object */;
}
